// !$*UTF8*$!
{
	archiveVersion = 1;
	classes = {
	};
	objectVersion = 50;
	objects = {

/* Begin PBXBuildFile section */
		BD99D042AECE8C4FFA2083D6 /* Pods_Journal.framework in Frameworks */ = {isa = PBXBuildFile; fileRef = E2E95A8E3B5C3381FE703299 /* Pods_Journal.framework */; };
		C01C2092228D34F900545CF9 /* ImagePicker.swift in Sources */ = {isa = PBXBuildFile; fileRef = C01C2091228D34F900545CF9 /* ImagePicker.swift */; };
		E208544922558E6400B24D7F /* AppDelegate.swift in Sources */ = {isa = PBXBuildFile; fileRef = E208544822558E6400B24D7F /* AppDelegate.swift */; };
		E208544D22558E6400B24D7F /* SecondViewController.swift in Sources */ = {isa = PBXBuildFile; fileRef = E208544C22558E6400B24D7F /* SecondViewController.swift */; };
		E208545022558E6400B24D7F /* Main.storyboard in Resources */ = {isa = PBXBuildFile; fileRef = E208544E22558E6400B24D7F /* Main.storyboard */; };
		E208545222558E6600B24D7F /* Assets.xcassets in Resources */ = {isa = PBXBuildFile; fileRef = E208545122558E6600B24D7F /* Assets.xcassets */; };
		E208545522558E6600B24D7F /* LaunchScreen.storyboard in Resources */ = {isa = PBXBuildFile; fileRef = E208545322558E6600B24D7F /* LaunchScreen.storyboard */; };
		E21ED1B62279DD7A009A8F6B /* WeatherHeader.swift in Sources */ = {isa = PBXBuildFile; fileRef = E21ED1B52279DD7A009A8F6B /* WeatherHeader.swift */; };
		E21ED1B92279F2DD009A8F6B /* UIColor+Hex.swift in Sources */ = {isa = PBXBuildFile; fileRef = E21ED1B82279F2DD009A8F6B /* UIColor+Hex.swift */; };
		E21ED1BB2279F607009A8F6B /* UIColor+Theme.swift in Sources */ = {isa = PBXBuildFile; fileRef = E21ED1BA2279F607009A8F6B /* UIColor+Theme.swift */; };
		E21ED1BD2279FC0F009A8F6B /* BarButtonIcon.swift in Sources */ = {isa = PBXBuildFile; fileRef = E21ED1BC2279FC0F009A8F6B /* BarButtonIcon.swift */; };
		E21ED1C12279FDC7009A8F6B /* FavoriteViewController.swift in Sources */ = {isa = PBXBuildFile; fileRef = E21ED1C02279FDC7009A8F6B /* FavoriteViewController.swift */; };
		E21ED1C32279FDF0009A8F6B /* SettingsViewController.swift in Sources */ = {isa = PBXBuildFile; fileRef = E21ED1C22279FDF0009A8F6B /* SettingsViewController.swift */; };
		E21ED1C5227AB2B6009A8F6B /* DiaryCell.swift in Sources */ = {isa = PBXBuildFile; fileRef = E21ED1C4227AB2B6009A8F6B /* DiaryCell.swift */; };
		E21ED1C7227AB854009A8F6B /* Diary.swift in Sources */ = {isa = PBXBuildFile; fileRef = E21ED1C6227AB854009A8F6B /* Diary.swift */; };
		E21ED1C9227ABAE1009A8F6B /* SQLite.swift in Sources */ = {isa = PBXBuildFile; fileRef = E21ED1C8227ABAE1009A8F6B /* SQLite.swift */; };
		E21ED1CC227ABB57009A8F6B /* SQLite+Diary.swift in Sources */ = {isa = PBXBuildFile; fileRef = E21ED1CB227ABB57009A8F6B /* SQLite+Diary.swift */; };
		E21ED1CE227ADFA7009A8F6B /* Bool+Convert.swift in Sources */ = {isa = PBXBuildFile; fileRef = E21ED1CD227ADFA7009A8F6B /* Bool+Convert.swift */; };
		E21ED1D0227AEFA6009A8F6B /* DiaryTableViewController.swift in Sources */ = {isa = PBXBuildFile; fileRef = E21ED1CF227AEFA6009A8F6B /* DiaryTableViewController.swift */; };
		E21ED1D2227C192D009A8F6B /* Date+Format.swift in Sources */ = {isa = PBXBuildFile; fileRef = E21ED1D1227C192D009A8F6B /* Date+Format.swift */; };
		E21ED1D4227C2210009A8F6B /* Mood.swift in Sources */ = {isa = PBXBuildFile; fileRef = E21ED1D3227C2210009A8F6B /* Mood.swift */; };
		E21ED1D6227C664A009A8F6B /* CreateDiaryViewController.swift in Sources */ = {isa = PBXBuildFile; fileRef = E21ED1D5227C664A009A8F6B /* CreateDiaryViewController.swift */; };
		E2539D78228BAAA4006C6884 /* HistoryViewController.swift in Sources */ = {isa = PBXBuildFile; fileRef = E2539D77228BAAA4006C6884 /* HistoryViewController.swift */; };
		E2539D7A228BBF50006C6884 /* String+Date.swift in Sources */ = {isa = PBXBuildFile; fileRef = E2539D79228BBF50006C6884 /* String+Date.swift */; };
		E2539D7C228BCD19006C6884 /* DiaryGroup.swift in Sources */ = {isa = PBXBuildFile; fileRef = E2539D7B228BCD19006C6884 /* DiaryGroup.swift */; };
		E2539D7E228BD26B006C6884 /* DiaryHeaderCell.swift in Sources */ = {isa = PBXBuildFile; fileRef = E2539D7D228BD26B006C6884 /* DiaryHeaderCell.swift */; };
		E2539D80228BE064006C6884 /* DateValueFormatter.swift in Sources */ = {isa = PBXBuildFile; fileRef = E2539D7F228BE064006C6884 /* DateValueFormatter.swift */; };
		E2539D82228BEDCB006C6884 /* DiaryHistory.swift in Sources */ = {isa = PBXBuildFile; fileRef = E2539D81228BEDCB006C6884 /* DiaryHistory.swift */; };
		E2539D84228C5CA6006C6884 /* DateRange.swift in Sources */ = {isa = PBXBuildFile; fileRef = E2539D83228C5CA6006C6884 /* DateRange.swift */; };
		E26E01D62283C080008F70A3 /* DiaryDetailViewController.swift in Sources */ = {isa = PBXBuildFile; fileRef = E26E01D52283C080008F70A3 /* DiaryDetailViewController.swift */; };
		E2ED4BC5228705BB0095E523 /* CreateMoodViewController.swift in Sources */ = {isa = PBXBuildFile; fileRef = E2ED4BC4228705BB0095E523 /* CreateMoodViewController.swift */; };
		E2F3F745228709C500001C2B /* UIImage+Color.swift in Sources */ = {isa = PBXBuildFile; fileRef = E2F3F744228709C500001C2B /* UIImage+Color.swift */; };
		E2F3F747228719CD00001C2B /* AspectButton.swift in Sources */ = {isa = PBXBuildFile; fileRef = E2F3F746228719CD00001C2B /* AspectButton.swift */; };
		E2F3F749228726A300001C2B /* ConfirmMoodViewController.swift in Sources */ = {isa = PBXBuildFile; fileRef = E2F3F748228726A300001C2B /* ConfirmMoodViewController.swift */; };
		E2FCA0D1227D4F3400B54A27 /* PlaceholderTextView.swift in Sources */ = {isa = PBXBuildFile; fileRef = E2FCA0D0227D4F3400B54A27 /* PlaceholderTextView.swift */; };
		E2FCA0D3227E78AC00B54A27 /* Weather.swift in Sources */ = {isa = PBXBuildFile; fileRef = E2FCA0D2227E78AC00B54A27 /* Weather.swift */; };
/* End PBXBuildFile section */

/* Begin PBXFileReference section */
		0728A1018AE4BB954995F295 /* Pods-Journal.release.xcconfig */ = {isa = PBXFileReference; includeInIndex = 1; lastKnownFileType = text.xcconfig; name = "Pods-Journal.release.xcconfig"; path = "Pods/Target Support Files/Pods-Journal/Pods-Journal.release.xcconfig"; sourceTree = "<group>"; };
		AC3EAD5841070F286BE521CE /* Pods-Journal.debug.xcconfig */ = {isa = PBXFileReference; includeInIndex = 1; lastKnownFileType = text.xcconfig; name = "Pods-Journal.debug.xcconfig"; path = "Pods/Target Support Files/Pods-Journal/Pods-Journal.debug.xcconfig"; sourceTree = "<group>"; };
		C01C2091228D34F900545CF9 /* ImagePicker.swift */ = {isa = PBXFileReference; lastKnownFileType = sourcecode.swift; path = ImagePicker.swift; sourceTree = "<group>"; };
		E208544522558E6400B24D7F /* Journal.app */ = {isa = PBXFileReference; explicitFileType = wrapper.application; includeInIndex = 0; path = Journal.app; sourceTree = BUILT_PRODUCTS_DIR; };
		E208544822558E6400B24D7F /* AppDelegate.swift */ = {isa = PBXFileReference; lastKnownFileType = sourcecode.swift; path = AppDelegate.swift; sourceTree = "<group>"; };
		E208544C22558E6400B24D7F /* SecondViewController.swift */ = {isa = PBXFileReference; lastKnownFileType = sourcecode.swift; path = SecondViewController.swift; sourceTree = "<group>"; };
		E208544F22558E6400B24D7F /* Base */ = {isa = PBXFileReference; lastKnownFileType = file.storyboard; name = Base; path = Base.lproj/Main.storyboard; sourceTree = "<group>"; };
		E208545122558E6600B24D7F /* Assets.xcassets */ = {isa = PBXFileReference; lastKnownFileType = folder.assetcatalog; path = Assets.xcassets; sourceTree = "<group>"; };
		E208545422558E6600B24D7F /* Base */ = {isa = PBXFileReference; lastKnownFileType = file.storyboard; name = Base; path = Base.lproj/LaunchScreen.storyboard; sourceTree = "<group>"; };
		E208545622558E6600B24D7F /* Info.plist */ = {isa = PBXFileReference; lastKnownFileType = text.plist.xml; path = Info.plist; sourceTree = "<group>"; };
		E21ED1B52279DD7A009A8F6B /* WeatherHeader.swift */ = {isa = PBXFileReference; lastKnownFileType = sourcecode.swift; path = WeatherHeader.swift; sourceTree = "<group>"; };
		E21ED1B82279F2DD009A8F6B /* UIColor+Hex.swift */ = {isa = PBXFileReference; lastKnownFileType = sourcecode.swift; path = "UIColor+Hex.swift"; sourceTree = "<group>"; };
		E21ED1BA2279F607009A8F6B /* UIColor+Theme.swift */ = {isa = PBXFileReference; lastKnownFileType = sourcecode.swift; path = "UIColor+Theme.swift"; sourceTree = "<group>"; };
		E21ED1BC2279FC0F009A8F6B /* BarButtonIcon.swift */ = {isa = PBXFileReference; lastKnownFileType = sourcecode.swift; path = BarButtonIcon.swift; sourceTree = "<group>"; };
		E21ED1C02279FDC7009A8F6B /* FavoriteViewController.swift */ = {isa = PBXFileReference; lastKnownFileType = sourcecode.swift; path = FavoriteViewController.swift; sourceTree = "<group>"; };
		E21ED1C22279FDF0009A8F6B /* SettingsViewController.swift */ = {isa = PBXFileReference; lastKnownFileType = sourcecode.swift; path = SettingsViewController.swift; sourceTree = "<group>"; };
		E21ED1C4227AB2B6009A8F6B /* DiaryCell.swift */ = {isa = PBXFileReference; lastKnownFileType = sourcecode.swift; path = DiaryCell.swift; sourceTree = "<group>"; };
		E21ED1C6227AB854009A8F6B /* Diary.swift */ = {isa = PBXFileReference; lastKnownFileType = sourcecode.swift; path = Diary.swift; sourceTree = "<group>"; };
		E21ED1C8227ABAE1009A8F6B /* SQLite.swift */ = {isa = PBXFileReference; fileEncoding = 4; lastKnownFileType = sourcecode.swift; path = SQLite.swift; sourceTree = "<group>"; };
		E21ED1CB227ABB57009A8F6B /* SQLite+Diary.swift */ = {isa = PBXFileReference; lastKnownFileType = sourcecode.swift; path = "SQLite+Diary.swift"; sourceTree = "<group>"; };
		E21ED1CD227ADFA7009A8F6B /* Bool+Convert.swift */ = {isa = PBXFileReference; lastKnownFileType = sourcecode.swift; path = "Bool+Convert.swift"; sourceTree = "<group>"; };
		E21ED1CF227AEFA6009A8F6B /* DiaryTableViewController.swift */ = {isa = PBXFileReference; lastKnownFileType = sourcecode.swift; path = DiaryTableViewController.swift; sourceTree = "<group>"; };
		E21ED1D1227C192D009A8F6B /* Date+Format.swift */ = {isa = PBXFileReference; lastKnownFileType = sourcecode.swift; path = "Date+Format.swift"; sourceTree = "<group>"; };
		E21ED1D3227C2210009A8F6B /* Mood.swift */ = {isa = PBXFileReference; lastKnownFileType = sourcecode.swift; path = Mood.swift; sourceTree = "<group>"; };
		E21ED1D5227C664A009A8F6B /* CreateDiaryViewController.swift */ = {isa = PBXFileReference; lastKnownFileType = sourcecode.swift; path = CreateDiaryViewController.swift; sourceTree = "<group>"; };
		E2539D77228BAAA4006C6884 /* HistoryViewController.swift */ = {isa = PBXFileReference; lastKnownFileType = sourcecode.swift; path = HistoryViewController.swift; sourceTree = "<group>"; };
		E2539D79228BBF50006C6884 /* String+Date.swift */ = {isa = PBXFileReference; lastKnownFileType = sourcecode.swift; path = "String+Date.swift"; sourceTree = "<group>"; };
		E2539D7B228BCD19006C6884 /* DiaryGroup.swift */ = {isa = PBXFileReference; lastKnownFileType = sourcecode.swift; path = DiaryGroup.swift; sourceTree = "<group>"; };
		E2539D7D228BD26B006C6884 /* DiaryHeaderCell.swift */ = {isa = PBXFileReference; lastKnownFileType = sourcecode.swift; path = DiaryHeaderCell.swift; sourceTree = "<group>"; };
		E2539D7F228BE064006C6884 /* DateValueFormatter.swift */ = {isa = PBXFileReference; lastKnownFileType = sourcecode.swift; path = DateValueFormatter.swift; sourceTree = "<group>"; };
		E2539D81228BEDCB006C6884 /* DiaryHistory.swift */ = {isa = PBXFileReference; lastKnownFileType = sourcecode.swift; path = DiaryHistory.swift; sourceTree = "<group>"; };
		E2539D83228C5CA6006C6884 /* DateRange.swift */ = {isa = PBXFileReference; lastKnownFileType = sourcecode.swift; path = DateRange.swift; sourceTree = "<group>"; };
		E26E01D52283C080008F70A3 /* DiaryDetailViewController.swift */ = {isa = PBXFileReference; lastKnownFileType = sourcecode.swift; path = DiaryDetailViewController.swift; sourceTree = "<group>"; };
		E2E95A8E3B5C3381FE703299 /* Pods_Journal.framework */ = {isa = PBXFileReference; explicitFileType = wrapper.framework; includeInIndex = 0; path = Pods_Journal.framework; sourceTree = BUILT_PRODUCTS_DIR; };
		E2ED4BC4228705BB0095E523 /* CreateMoodViewController.swift */ = {isa = PBXFileReference; lastKnownFileType = sourcecode.swift; path = CreateMoodViewController.swift; sourceTree = "<group>"; };
		E2F3F744228709C500001C2B /* UIImage+Color.swift */ = {isa = PBXFileReference; lastKnownFileType = sourcecode.swift; path = "UIImage+Color.swift"; sourceTree = "<group>"; };
		E2F3F746228719CD00001C2B /* AspectButton.swift */ = {isa = PBXFileReference; lastKnownFileType = sourcecode.swift; path = AspectButton.swift; sourceTree = "<group>"; };
		E2F3F748228726A300001C2B /* ConfirmMoodViewController.swift */ = {isa = PBXFileReference; lastKnownFileType = sourcecode.swift; path = ConfirmMoodViewController.swift; sourceTree = "<group>"; };
		E2FCA0D0227D4F3400B54A27 /* PlaceholderTextView.swift */ = {isa = PBXFileReference; lastKnownFileType = sourcecode.swift; path = PlaceholderTextView.swift; sourceTree = "<group>"; };
		E2FCA0D2227E78AC00B54A27 /* Weather.swift */ = {isa = PBXFileReference; lastKnownFileType = sourcecode.swift; path = Weather.swift; sourceTree = "<group>"; };
/* End PBXFileReference section */

/* Begin PBXFrameworksBuildPhase section */
		E208544222558E6400B24D7F /* Frameworks */ = {
			isa = PBXFrameworksBuildPhase;
			buildActionMask = 2147483647;
			files = (
				BD99D042AECE8C4FFA2083D6 /* Pods_Journal.framework in Frameworks */,
			);
			runOnlyForDeploymentPostprocessing = 0;
		};
/* End PBXFrameworksBuildPhase section */

/* Begin PBXGroup section */
		08EF15AC62F7711F623A175B /* Frameworks */ = {
			isa = PBXGroup;
			children = (
				E2E95A8E3B5C3381FE703299 /* Pods_Journal.framework */,
			);
			name = Frameworks;
			sourceTree = "<group>";
		};
		3E6355686F0D066D1AB5D3C3 /* Pods */ = {
			isa = PBXGroup;
			children = (
				AC3EAD5841070F286BE521CE /* Pods-Journal.debug.xcconfig */,
				0728A1018AE4BB954995F295 /* Pods-Journal.release.xcconfig */,
			);
			name = Pods;
			sourceTree = "<group>";
		};
		E208543C22558E6400B24D7F = {
			isa = PBXGroup;
			children = (
				E208544722558E6400B24D7F /* Journal */,
				E208544622558E6400B24D7F /* Products */,
				3E6355686F0D066D1AB5D3C3 /* Pods */,
				08EF15AC62F7711F623A175B /* Frameworks */,
			);
			sourceTree = "<group>";
		};
		E208544622558E6400B24D7F /* Products */ = {
			isa = PBXGroup;
			children = (
				E208544522558E6400B24D7F /* Journal.app */,
			);
			name = Products;
			sourceTree = "<group>";
		};
		E208544722558E6400B24D7F /* Journal */ = {
			isa = PBXGroup;
			children = (
				E21ED1CA227ABB39009A8F6B /* Databases */,
				E21ED1B72279F2AC009A8F6B /* Extensions */,
				E21ED1B42279DD4C009A8F6B /* Views */,
				E208545D22558ED200B24D7F /* ViewControllers */,
				E208545C22558EC400B24D7F /* Models */,
				E208544822558E6400B24D7F /* AppDelegate.swift */,
				E208544C22558E6400B24D7F /* SecondViewController.swift */,
				E208544E22558E6400B24D7F /* Main.storyboard */,
				E208545122558E6600B24D7F /* Assets.xcassets */,
				E208545322558E6600B24D7F /* LaunchScreen.storyboard */,
				E208545622558E6600B24D7F /* Info.plist */,
			);
			path = Journal;
			sourceTree = "<group>";
		};
		E208545C22558EC400B24D7F /* Models */ = {
			isa = PBXGroup;
			children = (
				E21ED1C6227AB854009A8F6B /* Diary.swift */,
				E21ED1D3227C2210009A8F6B /* Mood.swift */,
				E2FCA0D2227E78AC00B54A27 /* Weather.swift */,
				E2539D7B228BCD19006C6884 /* DiaryGroup.swift */,
				E2539D7F228BE064006C6884 /* DateValueFormatter.swift */,
				E2539D81228BEDCB006C6884 /* DiaryHistory.swift */,
				E2539D83228C5CA6006C6884 /* DateRange.swift */,
			);
			path = Models;
			sourceTree = "<group>";
		};
		E208545D22558ED200B24D7F /* ViewControllers */ = {
			isa = PBXGroup;
			children = (
				E21ED1D5227C664A009A8F6B /* CreateDiaryViewController.swift */,
				E26E01D52283C080008F70A3 /* DiaryDetailViewController.swift */,
				E21ED1CF227AEFA6009A8F6B /* DiaryTableViewController.swift */,
				E21ED1C02279FDC7009A8F6B /* FavoriteViewController.swift */,
				E21ED1C22279FDF0009A8F6B /* SettingsViewController.swift */,
				E2ED4BC4228705BB0095E523 /* CreateMoodViewController.swift */,
				E2F3F748228726A300001C2B /* ConfirmMoodViewController.swift */,
				E2539D77228BAAA4006C6884 /* HistoryViewController.swift */,
			);
			path = ViewControllers;
			sourceTree = "<group>";
		};
		E21ED1B42279DD4C009A8F6B /* Views */ = {
			isa = PBXGroup;
			children = (
				E2F3F746228719CD00001C2B /* AspectButton.swift */,
				E21ED1BC2279FC0F009A8F6B /* BarButtonIcon.swift */,
				E21ED1C4227AB2B6009A8F6B /* DiaryCell.swift */,
				E2539D7D228BD26B006C6884 /* DiaryHeaderCell.swift */,
				E2FCA0D0227D4F3400B54A27 /* PlaceholderTextView.swift */,
				E21ED1B52279DD7A009A8F6B /* WeatherHeader.swift */,
			);
			path = Views;
			sourceTree = "<group>";
		};
		E21ED1B72279F2AC009A8F6B /* Extensions */ = {
			isa = PBXGroup;
			children = (
				E21ED1B82279F2DD009A8F6B /* UIColor+Hex.swift */,
				E21ED1BA2279F607009A8F6B /* UIColor+Theme.swift */,
				E21ED1CD227ADFA7009A8F6B /* Bool+Convert.swift */,
				E21ED1D1227C192D009A8F6B /* Date+Format.swift */,
				E2F3F744228709C500001C2B /* UIImage+Color.swift */,
				E2539D79228BBF50006C6884 /* String+Date.swift */,
				C01C2091228D34F900545CF9 /* ImagePicker.swift */,
			);
			path = Extensions;
			sourceTree = "<group>";
		};
		E21ED1CA227ABB39009A8F6B /* Databases */ = {
			isa = PBXGroup;
			children = (
				E21ED1C8227ABAE1009A8F6B /* SQLite.swift */,
				E21ED1CB227ABB57009A8F6B /* SQLite+Diary.swift */,
			);
			path = Databases;
			sourceTree = "<group>";
		};
/* End PBXGroup section */

/* Begin PBXNativeTarget section */
		E208544422558E6400B24D7F /* Journal */ = {
			isa = PBXNativeTarget;
			buildConfigurationList = E208545922558E6600B24D7F /* Build configuration list for PBXNativeTarget "Journal" */;
			buildPhases = (
				7B2BA007B647E71CD225500C /* [CP] Check Pods Manifest.lock */,
				E208544122558E6400B24D7F /* Sources */,
				E208544222558E6400B24D7F /* Frameworks */,
				E208544322558E6400B24D7F /* Resources */,
				D52BF8F9390080CF395184FC /* [CP] Embed Pods Frameworks */,
			);
			buildRules = (
			);
			dependencies = (
			);
			name = Journal;
			productName = Journal;
			productReference = E208544522558E6400B24D7F /* Journal.app */;
			productType = "com.apple.product-type.application";
		};
/* End PBXNativeTarget section */

/* Begin PBXProject section */
		E208543D22558E6400B24D7F /* Project object */ = {
			isa = PBXProject;
			attributes = {
				LastSwiftUpdateCheck = 1020;
				LastUpgradeCheck = 1020;
				ORGANIZATIONNAME = "Hai Le";
				TargetAttributes = {
					E208544422558E6400B24D7F = {
						CreatedOnToolsVersion = 10.2;
					};
				};
			};
			buildConfigurationList = E208544022558E6400B24D7F /* Build configuration list for PBXProject "Journal" */;
			compatibilityVersion = "Xcode 9.3";
			developmentRegion = en;
			hasScannedForEncodings = 0;
			knownRegions = (
				en,
				Base,
			);
			mainGroup = E208543C22558E6400B24D7F;
			productRefGroup = E208544622558E6400B24D7F /* Products */;
			projectDirPath = "";
			projectRoot = "";
			targets = (
				E208544422558E6400B24D7F /* Journal */,
			);
		};
/* End PBXProject section */

/* Begin PBXResourcesBuildPhase section */
		E208544322558E6400B24D7F /* Resources */ = {
			isa = PBXResourcesBuildPhase;
			buildActionMask = 2147483647;
			files = (
				E208545522558E6600B24D7F /* LaunchScreen.storyboard in Resources */,
				E208545222558E6600B24D7F /* Assets.xcassets in Resources */,
				E208545022558E6400B24D7F /* Main.storyboard in Resources */,
			);
			runOnlyForDeploymentPostprocessing = 0;
		};
/* End PBXResourcesBuildPhase section */

/* Begin PBXShellScriptBuildPhase section */
		7B2BA007B647E71CD225500C /* [CP] Check Pods Manifest.lock */ = {
			isa = PBXShellScriptBuildPhase;
			buildActionMask = 2147483647;
			files = (
			);
			inputFileListPaths = (
			);
			inputPaths = (
				"${PODS_PODFILE_DIR_PATH}/Podfile.lock",
				"${PODS_ROOT}/Manifest.lock",
			);
			name = "[CP] Check Pods Manifest.lock";
			outputFileListPaths = (
			);
			outputPaths = (
				"$(DERIVED_FILE_DIR)/Pods-Journal-checkManifestLockResult.txt",
			);
			runOnlyForDeploymentPostprocessing = 0;
			shellPath = /bin/sh;
			shellScript = "diff \"${PODS_PODFILE_DIR_PATH}/Podfile.lock\" \"${PODS_ROOT}/Manifest.lock\" > /dev/null\nif [ $? != 0 ] ; then\n    # print error to STDERR\n    echo \"error: The sandbox is not in sync with the Podfile.lock. Run 'pod install' or update your CocoaPods installation.\" >&2\n    exit 1\nfi\n# This output is used by Xcode 'outputs' to avoid re-running this script phase.\necho \"SUCCESS\" > \"${SCRIPT_OUTPUT_FILE_0}\"\n";
			showEnvVarsInLog = 0;
		};
		D52BF8F9390080CF395184FC /* [CP] Embed Pods Frameworks */ = {
			isa = PBXShellScriptBuildPhase;
			buildActionMask = 2147483647;
			files = (
			);
			inputFileListPaths = (
			);
			inputPaths = (
				"${SRCROOT}/Pods/Target Support Files/Pods-Journal/Pods-Journal-frameworks.sh",
				"${BUILT_PRODUCTS_DIR}/Charts/Charts.framework",
			);
			name = "[CP] Embed Pods Frameworks";
			outputFileListPaths = (
			);
			outputPaths = (
				"${TARGET_BUILD_DIR}/${FRAMEWORKS_FOLDER_PATH}/Charts.framework",
			);
			runOnlyForDeploymentPostprocessing = 0;
			shellPath = /bin/sh;
			shellScript = "\"${SRCROOT}/Pods/Target Support Files/Pods-Journal/Pods-Journal-frameworks.sh\"\n";
			showEnvVarsInLog = 0;
		};
/* End PBXShellScriptBuildPhase section */

/* Begin PBXSourcesBuildPhase section */
		E208544122558E6400B24D7F /* Sources */ = {
			isa = PBXSourcesBuildPhase;
			buildActionMask = 2147483647;
			files = (
				E21ED1C5227AB2B6009A8F6B /* DiaryCell.swift in Sources */,
				E2F3F747228719CD00001C2B /* AspectButton.swift in Sources */,
				E21ED1D0227AEFA6009A8F6B /* DiaryTableViewController.swift in Sources */,
				E21ED1C9227ABAE1009A8F6B /* SQLite.swift in Sources */,
				E2F3F749228726A300001C2B /* ConfirmMoodViewController.swift in Sources */,
				E2FCA0D3227E78AC00B54A27 /* Weather.swift in Sources */,
				E208544D22558E6400B24D7F /* SecondViewController.swift in Sources */,
				E21ED1D4227C2210009A8F6B /* Mood.swift in Sources */,
				E2539D7C228BCD19006C6884 /* DiaryGroup.swift in Sources */,
				E208544922558E6400B24D7F /* AppDelegate.swift in Sources */,
				E21ED1C32279FDF0009A8F6B /* SettingsViewController.swift in Sources */,
				E2539D82228BEDCB006C6884 /* DiaryHistory.swift in Sources */,
				E2ED4BC5228705BB0095E523 /* CreateMoodViewController.swift in Sources */,
				C01C2092228D34F900545CF9 /* ImagePicker.swift in Sources */,
				E2F3F745228709C500001C2B /* UIImage+Color.swift in Sources */,
				E2539D7E228BD26B006C6884 /* DiaryHeaderCell.swift in Sources */,
				E21ED1B92279F2DD009A8F6B /* UIColor+Hex.swift in Sources */,
				E26E01D62283C080008F70A3 /* DiaryDetailViewController.swift in Sources */,
				E21ED1C12279FDC7009A8F6B /* FavoriteViewController.swift in Sources */,
				E2539D7A228BBF50006C6884 /* String+Date.swift in Sources */,
				E21ED1CE227ADFA7009A8F6B /* Bool+Convert.swift in Sources */,
				E2539D84228C5CA6006C6884 /* DateRange.swift in Sources */,
				E2539D78228BAAA4006C6884 /* HistoryViewController.swift in Sources */,
				E21ED1BD2279FC0F009A8F6B /* BarButtonIcon.swift in Sources */,
				E21ED1D6227C664A009A8F6B /* CreateDiaryViewController.swift in Sources */,
				E21ED1BB2279F607009A8F6B /* UIColor+Theme.swift in Sources */,
				E21ED1B62279DD7A009A8F6B /* WeatherHeader.swift in Sources */,
				E21ED1CC227ABB57009A8F6B /* SQLite+Diary.swift in Sources */,
				E2539D80228BE064006C6884 /* DateValueFormatter.swift in Sources */,
				E21ED1D2227C192D009A8F6B /* Date+Format.swift in Sources */,
				E21ED1C7227AB854009A8F6B /* Diary.swift in Sources */,
				E2FCA0D1227D4F3400B54A27 /* PlaceholderTextView.swift in Sources */,
			);
			runOnlyForDeploymentPostprocessing = 0;
		};
/* End PBXSourcesBuildPhase section */

/* Begin PBXVariantGroup section */
		E208544E22558E6400B24D7F /* Main.storyboard */ = {
			isa = PBXVariantGroup;
			children = (
				E208544F22558E6400B24D7F /* Base */,
			);
			name = Main.storyboard;
			sourceTree = "<group>";
		};
		E208545322558E6600B24D7F /* LaunchScreen.storyboard */ = {
			isa = PBXVariantGroup;
			children = (
				E208545422558E6600B24D7F /* Base */,
			);
			name = LaunchScreen.storyboard;
			sourceTree = "<group>";
		};
/* End PBXVariantGroup section */

/* Begin XCBuildConfiguration section */
		E208545722558E6600B24D7F /* Debug */ = {
			isa = XCBuildConfiguration;
			buildSettings = {
				ALWAYS_SEARCH_USER_PATHS = NO;
				CLANG_ANALYZER_NONNULL = YES;
				CLANG_ANALYZER_NUMBER_OBJECT_CONVERSION = YES_AGGRESSIVE;
				CLANG_CXX_LANGUAGE_STANDARD = "gnu++14";
				CLANG_CXX_LIBRARY = "libc++";
				CLANG_ENABLE_MODULES = YES;
				CLANG_ENABLE_OBJC_ARC = YES;
				CLANG_ENABLE_OBJC_WEAK = YES;
				CLANG_WARN_BLOCK_CAPTURE_AUTORELEASING = YES;
				CLANG_WARN_BOOL_CONVERSION = YES;
				CLANG_WARN_COMMA = YES;
				CLANG_WARN_CONSTANT_CONVERSION = YES;
				CLANG_WARN_DEPRECATED_OBJC_IMPLEMENTATIONS = YES;
				CLANG_WARN_DIRECT_OBJC_ISA_USAGE = YES_ERROR;
				CLANG_WARN_DOCUMENTATION_COMMENTS = YES;
				CLANG_WARN_EMPTY_BODY = YES;
				CLANG_WARN_ENUM_CONVERSION = YES;
				CLANG_WARN_INFINITE_RECURSION = YES;
				CLANG_WARN_INT_CONVERSION = YES;
				CLANG_WARN_NON_LITERAL_NULL_CONVERSION = YES;
				CLANG_WARN_OBJC_IMPLICIT_RETAIN_SELF = YES;
				CLANG_WARN_OBJC_LITERAL_CONVERSION = YES;
				CLANG_WARN_OBJC_ROOT_CLASS = YES_ERROR;
				CLANG_WARN_RANGE_LOOP_ANALYSIS = YES;
				CLANG_WARN_STRICT_PROTOTYPES = YES;
				CLANG_WARN_SUSPICIOUS_MOVE = YES;
				CLANG_WARN_UNGUARDED_AVAILABILITY = YES_AGGRESSIVE;
				CLANG_WARN_UNREACHABLE_CODE = YES;
				CLANG_WARN__DUPLICATE_METHOD_MATCH = YES;
				CODE_SIGN_IDENTITY = "iPhone Developer";
				COPY_PHASE_STRIP = NO;
				DEBUG_INFORMATION_FORMAT = dwarf;
				ENABLE_STRICT_OBJC_MSGSEND = YES;
				ENABLE_TESTABILITY = YES;
				GCC_C_LANGUAGE_STANDARD = gnu11;
				GCC_DYNAMIC_NO_PIC = NO;
				GCC_NO_COMMON_BLOCKS = YES;
				GCC_OPTIMIZATION_LEVEL = 0;
				GCC_PREPROCESSOR_DEFINITIONS = (
					"DEBUG=1",
					"$(inherited)",
				);
				GCC_WARN_64_TO_32_BIT_CONVERSION = YES;
				GCC_WARN_ABOUT_RETURN_TYPE = YES_ERROR;
				GCC_WARN_UNDECLARED_SELECTOR = YES;
				GCC_WARN_UNINITIALIZED_AUTOS = YES_AGGRESSIVE;
				GCC_WARN_UNUSED_FUNCTION = YES;
				GCC_WARN_UNUSED_VARIABLE = YES;
				IPHONEOS_DEPLOYMENT_TARGET = 12.2;
				MTL_ENABLE_DEBUG_INFO = INCLUDE_SOURCE;
				MTL_FAST_MATH = YES;
				ONLY_ACTIVE_ARCH = YES;
				SDKROOT = iphoneos;
				SWIFT_ACTIVE_COMPILATION_CONDITIONS = DEBUG;
				SWIFT_OPTIMIZATION_LEVEL = "-Onone";
			};
			name = Debug;
		};
		E208545822558E6600B24D7F /* Release */ = {
			isa = XCBuildConfiguration;
			buildSettings = {
				ALWAYS_SEARCH_USER_PATHS = NO;
				CLANG_ANALYZER_NONNULL = YES;
				CLANG_ANALYZER_NUMBER_OBJECT_CONVERSION = YES_AGGRESSIVE;
				CLANG_CXX_LANGUAGE_STANDARD = "gnu++14";
				CLANG_CXX_LIBRARY = "libc++";
				CLANG_ENABLE_MODULES = YES;
				CLANG_ENABLE_OBJC_ARC = YES;
				CLANG_ENABLE_OBJC_WEAK = YES;
				CLANG_WARN_BLOCK_CAPTURE_AUTORELEASING = YES;
				CLANG_WARN_BOOL_CONVERSION = YES;
				CLANG_WARN_COMMA = YES;
				CLANG_WARN_CONSTANT_CONVERSION = YES;
				CLANG_WARN_DEPRECATED_OBJC_IMPLEMENTATIONS = YES;
				CLANG_WARN_DIRECT_OBJC_ISA_USAGE = YES_ERROR;
				CLANG_WARN_DOCUMENTATION_COMMENTS = YES;
				CLANG_WARN_EMPTY_BODY = YES;
				CLANG_WARN_ENUM_CONVERSION = YES;
				CLANG_WARN_INFINITE_RECURSION = YES;
				CLANG_WARN_INT_CONVERSION = YES;
				CLANG_WARN_NON_LITERAL_NULL_CONVERSION = YES;
				CLANG_WARN_OBJC_IMPLICIT_RETAIN_SELF = YES;
				CLANG_WARN_OBJC_LITERAL_CONVERSION = YES;
				CLANG_WARN_OBJC_ROOT_CLASS = YES_ERROR;
				CLANG_WARN_RANGE_LOOP_ANALYSIS = YES;
				CLANG_WARN_STRICT_PROTOTYPES = YES;
				CLANG_WARN_SUSPICIOUS_MOVE = YES;
				CLANG_WARN_UNGUARDED_AVAILABILITY = YES_AGGRESSIVE;
				CLANG_WARN_UNREACHABLE_CODE = YES;
				CLANG_WARN__DUPLICATE_METHOD_MATCH = YES;
				CODE_SIGN_IDENTITY = "iPhone Developer";
				COPY_PHASE_STRIP = NO;
				DEBUG_INFORMATION_FORMAT = "dwarf-with-dsym";
				ENABLE_NS_ASSERTIONS = NO;
				ENABLE_STRICT_OBJC_MSGSEND = YES;
				GCC_C_LANGUAGE_STANDARD = gnu11;
				GCC_NO_COMMON_BLOCKS = YES;
				GCC_WARN_64_TO_32_BIT_CONVERSION = YES;
				GCC_WARN_ABOUT_RETURN_TYPE = YES_ERROR;
				GCC_WARN_UNDECLARED_SELECTOR = YES;
				GCC_WARN_UNINITIALIZED_AUTOS = YES_AGGRESSIVE;
				GCC_WARN_UNUSED_FUNCTION = YES;
				GCC_WARN_UNUSED_VARIABLE = YES;
				IPHONEOS_DEPLOYMENT_TARGET = 12.2;
				MTL_ENABLE_DEBUG_INFO = NO;
				MTL_FAST_MATH = YES;
				SDKROOT = iphoneos;
				SWIFT_COMPILATION_MODE = wholemodule;
				SWIFT_OPTIMIZATION_LEVEL = "-O";
				VALIDATE_PRODUCT = YES;
			};
			name = Release;
		};
		E208545A22558E6600B24D7F /* Debug */ = {
			isa = XCBuildConfiguration;
			baseConfigurationReference = AC3EAD5841070F286BE521CE /* Pods-Journal.debug.xcconfig */;
			buildSettings = {
				ASSETCATALOG_COMPILER_APPICON_NAME = AppIcon;
				CODE_SIGN_STYLE = Automatic;
				INFOPLIST_FILE = Journal/Info.plist;
				LD_RUNPATH_SEARCH_PATHS = (
					"$(inherited)",
					"@executable_path/Frameworks",
				);
				PRODUCT_BUNDLE_IDENTIFIER = au.edu.utas.Journal;
				PRODUCT_NAME = "$(TARGET_NAME)";
				SWIFT_VERSION = 5.0;
				TARGETED_DEVICE_FAMILY = "1,2";
			};
			name = Debug;
		};
		E208545B22558E6600B24D7F /* Release */ = {
			isa = XCBuildConfiguration;
			baseConfigurationReference = 0728A1018AE4BB954995F295 /* Pods-Journal.release.xcconfig */;
			buildSettings = {
				ASSETCATALOG_COMPILER_APPICON_NAME = AppIcon;
				CODE_SIGN_STYLE = Automatic;
				INFOPLIST_FILE = Journal/Info.plist;
				LD_RUNPATH_SEARCH_PATHS = (
					"$(inherited)",
					"@executable_path/Frameworks",
				);
				PRODUCT_BUNDLE_IDENTIFIER = au.edu.utas.Journal;
				PRODUCT_NAME = "$(TARGET_NAME)";
				SWIFT_VERSION = 5.0;
				TARGETED_DEVICE_FAMILY = "1,2";
			};
			name = Release;
		};
/* End XCBuildConfiguration section */

/* Begin XCConfigurationList section */
		E208544022558E6400B24D7F /* Build configuration list for PBXProject "Journal" */ = {
			isa = XCConfigurationList;
			buildConfigurations = (
				E208545722558E6600B24D7F /* Debug */,
				E208545822558E6600B24D7F /* Release */,
			);
			defaultConfigurationIsVisible = 0;
			defaultConfigurationName = Release;
		};
		E208545922558E6600B24D7F /* Build configuration list for PBXNativeTarget "Journal" */ = {
			isa = XCConfigurationList;
			buildConfigurations = (
				E208545A22558E6600B24D7F /* Debug */,
				E208545B22558E6600B24D7F /* Release */,
			);
			defaultConfigurationIsVisible = 0;
			defaultConfigurationName = Release;
		};
/* End XCConfigurationList section */
	};
	rootObject = E208543D22558E6400B24D7F /* Project object */;
}
